// !$*UTF8*$!
{
	archiveVersion = 1;
	classes = {
	};
	objectVersion = 46;
	objects = {

/* Begin PBXBuildFile section */
		C913607D19666D07009D8FC6 /* AudioToolbox.framework in Frameworks */ = {isa = PBXBuildFile; fileRef = C913607C19666D07009D8FC6 /* AudioToolbox.framework */; };
		C91360801966FED6009D8FC6 /* DownloadViewController.m in Sources */ = {isa = PBXBuildFile; fileRef = C913607F1966FED6009D8FC6 /* DownloadViewController.m */; };
		C913608619690200009D8FC6 /* AudDownloadViewController.m in Sources */ = {isa = PBXBuildFile; fileRef = C913608519690200009D8FC6 /* AudDownloadViewController.m */; };
		C913608819690E0E009D8FC6 /* download.png in Resources */ = {isa = PBXBuildFile; fileRef = C913608719690E0E009D8FC6 /* download.png */; };
		C913608A19690F6D009D8FC6 /* box-down-7.png in Resources */ = {isa = PBXBuildFile; fileRef = C913608919690F6D009D8FC6 /* box-down-7.png */; };
		C913608C19690FBD009D8FC6 /* man-7.png in Resources */ = {isa = PBXBuildFile; fileRef = C913608B19690FBD009D8FC6 /* man-7.png */; };
		C916C6C01959D0F1006659E8 /* Foundation.framework in Frameworks */ = {isa = PBXBuildFile; fileRef = C916C6BF1959D0F1006659E8 /* Foundation.framework */; };
		C916C6C21959D0F1006659E8 /* CoreGraphics.framework in Frameworks */ = {isa = PBXBuildFile; fileRef = C916C6C11959D0F1006659E8 /* CoreGraphics.framework */; };
		C916C6C41959D0F1006659E8 /* UIKit.framework in Frameworks */ = {isa = PBXBuildFile; fileRef = C916C6C31959D0F1006659E8 /* UIKit.framework */; };
		C916C6CA1959D0F1006659E8 /* InfoPlist.strings in Resources */ = {isa = PBXBuildFile; fileRef = C916C6C81959D0F1006659E8 /* InfoPlist.strings */; };
		C916C6CC1959D0F1006659E8 /* main.m in Sources */ = {isa = PBXBuildFile; fileRef = C916C6CB1959D0F1006659E8 /* main.m */; };
		C916C6D01959D0F1006659E8 /* AppDelegate.m in Sources */ = {isa = PBXBuildFile; fileRef = C916C6CF1959D0F1006659E8 /* AppDelegate.m */; };
		C916C6D31959D0F1006659E8 /* Main.storyboard in Resources */ = {isa = PBXBuildFile; fileRef = C916C6D11959D0F1006659E8 /* Main.storyboard */; };
		C916C6D61959D0F1006659E8 /* SermonViewController.m in Sources */ = {isa = PBXBuildFile; fileRef = C916C6D51959D0F1006659E8 /* SermonViewController.m */; };
		C916C6D91959D0F1006659E8 /* SecondViewController.m in Sources */ = {isa = PBXBuildFile; fileRef = C916C6D81959D0F1006659E8 /* SecondViewController.m */; };
		C916C6DB1959D0F1006659E8 /* Images.xcassets in Resources */ = {isa = PBXBuildFile; fileRef = C916C6DA1959D0F1006659E8 /* Images.xcassets */; };
		C916C6E21959D0F1006659E8 /* XCTest.framework in Frameworks */ = {isa = PBXBuildFile; fileRef = C916C6E11959D0F1006659E8 /* XCTest.framework */; };
		C916C6E31959D0F1006659E8 /* Foundation.framework in Frameworks */ = {isa = PBXBuildFile; fileRef = C916C6BF1959D0F1006659E8 /* Foundation.framework */; };
		C916C6E41959D0F1006659E8 /* UIKit.framework in Frameworks */ = {isa = PBXBuildFile; fileRef = C916C6C31959D0F1006659E8 /* UIKit.framework */; };
		C916C6EC1959D0F1006659E8 /* InfoPlist.strings in Resources */ = {isa = PBXBuildFile; fileRef = C916C6EA1959D0F1006659E8 /* InfoPlist.strings */; };
		C916C6EE1959D0F1006659E8 /* A2_42Tests.m in Sources */ = {isa = PBXBuildFile; fileRef = C916C6ED1959D0F1006659E8 /* A2_42Tests.m */; };
		C916C6FA1959D9E8006659E8 /* AVFoundation.framework in Frameworks */ = {isa = PBXBuildFile; fileRef = C916C6F91959D9E8006659E8 /* AVFoundation.framework */; };
		C916C6FF1959FB4E006659E8 /* Backgrounds_125.png in Resources */ = {isa = PBXBuildFile; fileRef = C916C6FE1959FB4E006659E8 /* Backgrounds_125.png */; };
		C916C705195A0498006659E8 /* voddiebaucham.jpg in Resources */ = {isa = PBXBuildFile; fileRef = C916C700195A0498006659E8 /* voddiebaucham.jpg */; };
		C916C706195A0498006659E8 /* kennypetty.jpg in Resources */ = {isa = PBXBuildFile; fileRef = C916C701195A0498006659E8 /* kennypetty.jpg */; };
		C916C707195A0498006659E8 /* voddie.jpg in Resources */ = {isa = PBXBuildFile; fileRef = C916C702195A0498006659E8 /* voddie.jpg */; };
		C916C708195A0498006659E8 /* johnpiper.jpg in Resources */ = {isa = PBXBuildFile; fileRef = C916C703195A0498006659E8 /* johnpiper.jpg */; };
		C916C709195A0498006659E8 /* ryanfullerton.jpg in Resources */ = {isa = PBXBuildFile; fileRef = C916C704195A0498006659E8 /* ryanfullerton.jpg */; };
		C916C70B195A0C66006659E8 /* johnO.jpg in Resources */ = {isa = PBXBuildFile; fileRef = C916C70A195A0C66006659E8 /* johnO.jpg */; };
		C916C70D195A0C6B006659E8 /* crump.jpg in Resources */ = {isa = PBXBuildFile; fileRef = C916C70C195A0C6B006659E8 /* crump.jpg */; };
		C916C711195A0F26006659E8 /* conway.jpg in Resources */ = {isa = PBXBuildFile; fileRef = C916C710195A0F26006659E8 /* conway.jpg */; };
		C916C713195A204F006659E8 /* washer.jpg in Resources */ = {isa = PBXBuildFile; fileRef = C916C712195A204F006659E8 /* washer.jpg */; };
		C916C716195A8D55006659E8 /* IBCViewController.m in Sources */ = {isa = PBXBuildFile; fileRef = C916C715195A8D55006659E8 /* IBCViewController.m */; };
		C916C71D195F29BA006659E8 /* MEStringSearcher.m in Sources */ = {isa = PBXBuildFile; fileRef = C916C71B195F29BA006659E8 /* MEStringSearcher.m */; };
		C916C725195F449F006659E8 /* immanuel.png in Resources */ = {isa = PBXBuildFile; fileRef = C916C724195F449F006659E8 /* immanuel.png */; };
		C92FDAFF196082D4004CED0D /* ibc.png in Resources */ = {isa = PBXBuildFile; fileRef = C92FDAFE196082D4004CED0D /* ibc.png */; };
		C92FDB011960C469004CED0D /* ibc2.png in Resources */ = {isa = PBXBuildFile; fileRef = C92FDB001960C469004CED0D /* ibc2.png */; };
		C92FDB041961FC26004CED0D /* AudioViewController.m in Sources */ = {isa = PBXBuildFile; fileRef = C92FDB031961FC26004CED0D /* AudioViewController.m */; };
		C92FDB061962775C004CED0D /* esvBible.jpg in Resources */ = {isa = PBXBuildFile; fileRef = C92FDB051962775C004CED0D /* esvBible.jpg */; };
		C92FDB0A1962792E004CED0D /* apostlesTeaching.png in Resources */ = {isa = PBXBuildFile; fileRef = C92FDB091962792E004CED0D /* apostlesTeaching.png */; };
		C92FDB1219627BB9004CED0D /* esvBible.png in Resources */ = {isa = PBXBuildFile; fileRef = C92FDB1119627BB9004CED0D /* esvBible.png */; };
		C92FDB1419627D7D004CED0D /* apostlesTeaching2.png in Resources */ = {isa = PBXBuildFile; fileRef = C92FDB1319627D7D004CED0D /* apostlesTeaching2.png */; };
		C92FDB1A1963581D004CED0D /* slider.png in Resources */ = {isa = PBXBuildFile; fileRef = C92FDB191963581D004CED0D /* slider.png */; };
		C92FDB1E19645D48004CED0D /* pause-disabled.png in Resources */ = {isa = PBXBuildFile; fileRef = C92FDB1D19645D48004CED0D /* pause-disabled.png */; };
		C92FDB2019646145004CED0D /* play-disabled-1.png in Resources */ = {isa = PBXBuildFile; fileRef = C92FDB1F19646145004CED0D /* play-disabled-1.png */; };
		C950BA5E1976FDB8000E6865 /* blueprint.png in Resources */ = {isa = PBXBuildFile; fileRef = C950BA5D1976FDB8000E6865 /* blueprint.png */; };
		C9ABBA3F19763E9C00BDC863 /* theGateLogo.png in Resources */ = {isa = PBXBuildFile; fileRef = C9ABBA3E19763E9C00BDC863 /* theGateLogo.png */; };
		C9ABBA41197640F400BDC863 /* ibc3.png in Resources */ = {isa = PBXBuildFile; fileRef = C9ABBA40197640F400BDC863 /* ibc3.png */; };
		C9ABBA451976461100BDC863 /* graceCommunity.png in Resources */ = {isa = PBXBuildFile; fileRef = C9ABBA441976461100BDC863 /* graceCommunity.png */; };
		C9B25766196C806E000A0E9E /* DateViewController.m in Sources */ = {isa = PBXBuildFile; fileRef = C9B25765196C806E000A0E9E /* DateViewController.m */; };
		C9B28D8F1969D85100BF4079 /* Social.framework in Frameworks */ = {isa = PBXBuildFile; fileRef = C916C6F71959D9E0006659E8 /* Social.framework */; };
		C9B28D931969DB2100BF4079 /* twitter.png in Resources */ = {isa = PBXBuildFile; fileRef = C9B28D921969DB2100BF4079 /* twitter.png */; };
		C9CD46E21977C01F009D0351 /* DesiringGodViewController.m in Sources */ = {isa = PBXBuildFile; fileRef = C9CD46E11977C01F009D0351 /* DesiringGodViewController.m */; };
		C9CD46E41978606D009D0351 /* desiringGod.png in Resources */ = {isa = PBXBuildFile; fileRef = C9CD46E31978606D009D0351 /* desiringGod.png */; };
/* End PBXBuildFile section */

/* Begin PBXContainerItemProxy section */
		C916C6E51959D0F1006659E8 /* PBXContainerItemProxy */ = {
			isa = PBXContainerItemProxy;
			containerPortal = C916C6B41959D0F1006659E8 /* Project object */;
			proxyType = 1;
			remoteGlobalIDString = C916C6BB1959D0F1006659E8;
			remoteInfo = "A2:42";
		};
/* End PBXContainerItemProxy section */

/* Begin PBXFileReference section */
		C913607C19666D07009D8FC6 /* AudioToolbox.framework */ = {isa = PBXFileReference; lastKnownFileType = wrapper.framework; name = AudioToolbox.framework; path = System/Library/Frameworks/AudioToolbox.framework; sourceTree = SDKROOT; };
		C913607E1966FED6009D8FC6 /* DownloadViewController.h */ = {isa = PBXFileReference; fileEncoding = 4; lastKnownFileType = sourcecode.c.h; name = DownloadViewController.h; path = ../DownloadViewController.h; sourceTree = "<group>"; };
		C913607F1966FED6009D8FC6 /* DownloadViewController.m */ = {isa = PBXFileReference; fileEncoding = 4; lastKnownFileType = sourcecode.c.objc; name = DownloadViewController.m; path = ../DownloadViewController.m; sourceTree = "<group>"; };
		C913608419690200009D8FC6 /* AudDownloadViewController.h */ = {isa = PBXFileReference; fileEncoding = 4; lastKnownFileType = sourcecode.c.h; path = AudDownloadViewController.h; sourceTree = "<group>"; };
		C913608519690200009D8FC6 /* AudDownloadViewController.m */ = {isa = PBXFileReference; fileEncoding = 4; lastKnownFileType = sourcecode.c.objc; path = AudDownloadViewController.m; sourceTree = "<group>"; };
		C913608719690E0E009D8FC6 /* download.png */ = {isa = PBXFileReference; lastKnownFileType = image.png; path = download.png; sourceTree = "<group>"; };
		C913608919690F6D009D8FC6 /* box-down-7.png */ = {isa = PBXFileReference; lastKnownFileType = image.png; path = "box-down-7.png"; sourceTree = "<group>"; };
		C913608B19690FBD009D8FC6 /* man-7.png */ = {isa = PBXFileReference; lastKnownFileType = image.png; path = "man-7.png"; sourceTree = "<group>"; };
		C916C6BC1959D0F1006659E8 /* A2:42.app */ = {isa = PBXFileReference; explicitFileType = wrapper.application; includeInIndex = 0; path = "A2:42.app"; sourceTree = BUILT_PRODUCTS_DIR; };
		C916C6BF1959D0F1006659E8 /* Foundation.framework */ = {isa = PBXFileReference; lastKnownFileType = wrapper.framework; name = Foundation.framework; path = System/Library/Frameworks/Foundation.framework; sourceTree = SDKROOT; };
		C916C6C11959D0F1006659E8 /* CoreGraphics.framework */ = {isa = PBXFileReference; lastKnownFileType = wrapper.framework; name = CoreGraphics.framework; path = System/Library/Frameworks/CoreGraphics.framework; sourceTree = SDKROOT; };
		C916C6C31959D0F1006659E8 /* UIKit.framework */ = {isa = PBXFileReference; lastKnownFileType = wrapper.framework; name = UIKit.framework; path = System/Library/Frameworks/UIKit.framework; sourceTree = SDKROOT; };
		C916C6C71959D0F1006659E8 /* A2:42-Info.plist */ = {isa = PBXFileReference; lastKnownFileType = text.plist.xml; path = "A2:42-Info.plist"; sourceTree = "<group>"; };
		C916C6C91959D0F1006659E8 /* en */ = {isa = PBXFileReference; lastKnownFileType = text.plist.strings; name = en; path = en.lproj/InfoPlist.strings; sourceTree = "<group>"; };
		C916C6CB1959D0F1006659E8 /* main.m */ = {isa = PBXFileReference; lastKnownFileType = sourcecode.c.objc; path = main.m; sourceTree = "<group>"; };
		C916C6CD1959D0F1006659E8 /* A2:42-Prefix.pch */ = {isa = PBXFileReference; lastKnownFileType = sourcecode.c.h; path = "A2:42-Prefix.pch"; sourceTree = "<group>"; };
		C916C6CE1959D0F1006659E8 /* AppDelegate.h */ = {isa = PBXFileReference; lastKnownFileType = sourcecode.c.h; path = AppDelegate.h; sourceTree = "<group>"; };
		C916C6CF1959D0F1006659E8 /* AppDelegate.m */ = {isa = PBXFileReference; lastKnownFileType = sourcecode.c.objc; path = AppDelegate.m; sourceTree = "<group>"; };
		C916C6D21959D0F1006659E8 /* Base */ = {isa = PBXFileReference; lastKnownFileType = file.storyboard; name = Base; path = Base.lproj/Main.storyboard; sourceTree = "<group>"; };
		C916C6D41959D0F1006659E8 /* SermonViewController.h */ = {isa = PBXFileReference; lastKnownFileType = sourcecode.c.h; path = SermonViewController.h; sourceTree = "<group>"; };
		C916C6D51959D0F1006659E8 /* SermonViewController.m */ = {isa = PBXFileReference; lastKnownFileType = sourcecode.c.objc; path = SermonViewController.m; sourceTree = "<group>"; };
		C916C6D71959D0F1006659E8 /* SecondViewController.h */ = {isa = PBXFileReference; lastKnownFileType = sourcecode.c.h; path = SecondViewController.h; sourceTree = "<group>"; };
		C916C6D81959D0F1006659E8 /* SecondViewController.m */ = {isa = PBXFileReference; lastKnownFileType = sourcecode.c.objc; path = SecondViewController.m; sourceTree = "<group>"; };
		C916C6DA1959D0F1006659E8 /* Images.xcassets */ = {isa = PBXFileReference; lastKnownFileType = folder.assetcatalog; path = Images.xcassets; sourceTree = "<group>"; };
		C916C6E01959D0F1006659E8 /* A2:42Tests.xctest */ = {isa = PBXFileReference; explicitFileType = wrapper.cfbundle; includeInIndex = 0; path = "A2:42Tests.xctest"; sourceTree = BUILT_PRODUCTS_DIR; };
		C916C6E11959D0F1006659E8 /* XCTest.framework */ = {isa = PBXFileReference; lastKnownFileType = wrapper.framework; name = XCTest.framework; path = Library/Frameworks/XCTest.framework; sourceTree = DEVELOPER_DIR; };
		C916C6E91959D0F1006659E8 /* A2:42Tests-Info.plist */ = {isa = PBXFileReference; lastKnownFileType = text.plist.xml; path = "A2:42Tests-Info.plist"; sourceTree = "<group>"; };
		C916C6EB1959D0F1006659E8 /* en */ = {isa = PBXFileReference; lastKnownFileType = text.plist.strings; name = en; path = en.lproj/InfoPlist.strings; sourceTree = "<group>"; };
		C916C6ED1959D0F1006659E8 /* A2_42Tests.m */ = {isa = PBXFileReference; lastKnownFileType = sourcecode.c.objc; path = A2_42Tests.m; sourceTree = "<group>"; };
		C916C6F71959D9E0006659E8 /* Social.framework */ = {isa = PBXFileReference; lastKnownFileType = wrapper.framework; name = Social.framework; path = System/Library/Frameworks/Social.framework; sourceTree = SDKROOT; };
		C916C6F91959D9E8006659E8 /* AVFoundation.framework */ = {isa = PBXFileReference; lastKnownFileType = wrapper.framework; name = AVFoundation.framework; path = System/Library/Frameworks/AVFoundation.framework; sourceTree = SDKROOT; };
		C916C6FB1959D9F3006659E8 /* CoreData.framework */ = {isa = PBXFileReference; lastKnownFileType = wrapper.framework; name = CoreData.framework; path = System/Library/Frameworks/CoreData.framework; sourceTree = SDKROOT; };
		C916C6FE1959FB4E006659E8 /* Backgrounds_125.png */ = {isa = PBXFileReference; lastKnownFileType = image.png; path = Backgrounds_125.png; sourceTree = "<group>"; };
		C916C700195A0498006659E8 /* voddiebaucham.jpg */ = {isa = PBXFileReference; lastKnownFileType = image.jpeg; path = voddiebaucham.jpg; sourceTree = "<group>"; };
		C916C701195A0498006659E8 /* kennypetty.jpg */ = {isa = PBXFileReference; lastKnownFileType = image.jpeg; path = kennypetty.jpg; sourceTree = "<group>"; };
		C916C702195A0498006659E8 /* voddie.jpg */ = {isa = PBXFileReference; lastKnownFileType = image.jpeg; path = voddie.jpg; sourceTree = "<group>"; };
		C916C703195A0498006659E8 /* johnpiper.jpg */ = {isa = PBXFileReference; lastKnownFileType = image.jpeg; path = johnpiper.jpg; sourceTree = "<group>"; };
		C916C704195A0498006659E8 /* ryanfullerton.jpg */ = {isa = PBXFileReference; lastKnownFileType = image.jpeg; path = ryanfullerton.jpg; sourceTree = "<group>"; };
		C916C70A195A0C66006659E8 /* johnO.jpg */ = {isa = PBXFileReference; lastKnownFileType = image.jpeg; path = johnO.jpg; sourceTree = "<group>"; };
		C916C70C195A0C6B006659E8 /* crump.jpg */ = {isa = PBXFileReference; lastKnownFileType = image.jpeg; path = crump.jpg; sourceTree = "<group>"; };
		C916C710195A0F26006659E8 /* conway.jpg */ = {isa = PBXFileReference; lastKnownFileType = image.jpeg; path = conway.jpg; sourceTree = "<group>"; };
		C916C712195A204F006659E8 /* washer.jpg */ = {isa = PBXFileReference; lastKnownFileType = image.jpeg; path = washer.jpg; sourceTree = "<group>"; };
		C916C714195A8D55006659E8 /* IBCViewController.h */ = {isa = PBXFileReference; fileEncoding = 4; lastKnownFileType = sourcecode.c.h; path = IBCViewController.h; sourceTree = "<group>"; };
		C916C715195A8D55006659E8 /* IBCViewController.m */ = {isa = PBXFileReference; fileEncoding = 4; lastKnownFileType = sourcecode.c.objc; path = IBCViewController.m; sourceTree = "<group>"; };
		C916C71B195F29BA006659E8 /* MEStringSearcher.m */ = {isa = PBXFileReference; fileEncoding = 4; lastKnownFileType = sourcecode.c.objc; path = MEStringSearcher.m; sourceTree = "<group>"; };
		C916C71C195F29BA006659E8 /* MEStringSearcher.h */ = {isa = PBXFileReference; fileEncoding = 4; lastKnownFileType = sourcecode.c.h; path = MEStringSearcher.h; sourceTree = "<group>"; };
		C916C724195F449F006659E8 /* immanuel.png */ = {isa = PBXFileReference; lastKnownFileType = image.png; path = immanuel.png; sourceTree = "<group>"; };
		C92FDAFE196082D4004CED0D /* ibc.png */ = {isa = PBXFileReference; lastKnownFileType = image.png; path = ibc.png; sourceTree = "<group>"; };
		C92FDB001960C469004CED0D /* ibc2.png */ = {isa = PBXFileReference; lastKnownFileType = image.png; path = ibc2.png; sourceTree = "<group>"; };
		C92FDB021961FC26004CED0D /* AudioViewController.h */ = {isa = PBXFileReference; fileEncoding = 4; lastKnownFileType = sourcecode.c.h; path = AudioViewController.h; sourceTree = "<group>"; };
		C92FDB031961FC26004CED0D /* AudioViewController.m */ = {isa = PBXFileReference; fileEncoding = 4; lastKnownFileType = sourcecode.c.objc; path = AudioViewController.m; sourceTree = "<group>"; };
		C92FDB051962775C004CED0D /* esvBible.jpg */ = {isa = PBXFileReference; lastKnownFileType = image.jpeg; path = esvBible.jpg; sourceTree = "<group>"; };
		C92FDB091962792E004CED0D /* apostlesTeaching.png */ = {isa = PBXFileReference; lastKnownFileType = image.png; path = apostlesTeaching.png; sourceTree = "<group>"; };
		C92FDB1119627BB9004CED0D /* esvBible.png */ = {isa = PBXFileReference; lastKnownFileType = image.png; path = esvBible.png; sourceTree = "<group>"; };
		C92FDB1319627D7D004CED0D /* apostlesTeaching2.png */ = {isa = PBXFileReference; lastKnownFileType = image.png; path = apostlesTeaching2.png; sourceTree = "<group>"; };
		C92FDB191963581D004CED0D /* slider.png */ = {isa = PBXFileReference; lastKnownFileType = image.png; path = slider.png; sourceTree = "<group>"; };
		C92FDB1D19645D48004CED0D /* pause-disabled.png */ = {isa = PBXFileReference; lastKnownFileType = image.png; path = "pause-disabled.png"; sourceTree = "<group>"; };
		C92FDB1F19646145004CED0D /* play-disabled-1.png */ = {isa = PBXFileReference; lastKnownFileType = image.png; path = "play-disabled-1.png"; sourceTree = "<group>"; };
		C950BA5D1976FDB8000E6865 /* blueprint.png */ = {isa = PBXFileReference; lastKnownFileType = image.png; path = blueprint.png; sourceTree = "<group>"; };
		C9ABBA3E19763E9C00BDC863 /* theGateLogo.png */ = {isa = PBXFileReference; lastKnownFileType = image.png; path = theGateLogo.png; sourceTree = "<group>"; };
		C9ABBA40197640F400BDC863 /* ibc3.png */ = {isa = PBXFileReference; lastKnownFileType = image.png; path = ibc3.png; sourceTree = "<group>"; };
		C9ABBA441976461100BDC863 /* graceCommunity.png */ = {isa = PBXFileReference; lastKnownFileType = image.png; path = graceCommunity.png; sourceTree = "<group>"; };
		C9B25764196C806E000A0E9E /* DateViewController.h */ = {isa = PBXFileReference; fileEncoding = 4; lastKnownFileType = sourcecode.c.h; path = DateViewController.h; sourceTree = "<group>"; };
		C9B25765196C806E000A0E9E /* DateViewController.m */ = {isa = PBXFileReference; fileEncoding = 4; lastKnownFileType = sourcecode.c.objc; path = DateViewController.m; sourceTree = "<group>"; };
		C9B28D921969DB2100BF4079 /* twitter.png */ = {isa = PBXFileReference; lastKnownFileType = image.png; path = twitter.png; sourceTree = "<group>"; };
		C9CD46E01977C01F009D0351 /* DesiringGodViewController.h */ = {isa = PBXFileReference; fileEncoding = 4; lastKnownFileType = sourcecode.c.h; path = DesiringGodViewController.h; sourceTree = "<group>"; };
		C9CD46E11977C01F009D0351 /* DesiringGodViewController.m */ = {isa = PBXFileReference; fileEncoding = 4; lastKnownFileType = sourcecode.c.objc; path = DesiringGodViewController.m; sourceTree = "<group>"; };
		C9CD46E31978606D009D0351 /* desiringGod.png */ = {isa = PBXFileReference; lastKnownFileType = image.png; path = desiringGod.png; sourceTree = "<group>"; };
/* End PBXFileReference section */

/* Begin PBXFrameworksBuildPhase section */
		C916C6B91959D0F1006659E8 /* Frameworks */ = {
			isa = PBXFrameworksBuildPhase;
			buildActionMask = 2147483647;
			files = (
				C9B28D8F1969D85100BF4079 /* Social.framework in Frameworks */,
				C913607D19666D07009D8FC6 /* AudioToolbox.framework in Frameworks */,
				C916C6FA1959D9E8006659E8 /* AVFoundation.framework in Frameworks */,
				C916C6C21959D0F1006659E8 /* CoreGraphics.framework in Frameworks */,
				C916C6C41959D0F1006659E8 /* UIKit.framework in Frameworks */,
				C916C6C01959D0F1006659E8 /* Foundation.framework in Frameworks */,
			);
			runOnlyForDeploymentPostprocessing = 0;
		};
		C916C6DD1959D0F1006659E8 /* Frameworks */ = {
			isa = PBXFrameworksBuildPhase;
			buildActionMask = 2147483647;
			files = (
				C916C6E21959D0F1006659E8 /* XCTest.framework in Frameworks */,
				C916C6E41959D0F1006659E8 /* UIKit.framework in Frameworks */,
				C916C6E31959D0F1006659E8 /* Foundation.framework in Frameworks */,
			);
			runOnlyForDeploymentPostprocessing = 0;
		};
/* End PBXFrameworksBuildPhase section */

/* Begin PBXGroup section */
		C916C6B31959D0F1006659E8 = {
			isa = PBXGroup;
			children = (
				C916C6C51959D0F1006659E8 /* A2:42 */,
				C916C6E71959D0F1006659E8 /* A2:42Tests */,
				C916C6BE1959D0F1006659E8 /* Frameworks */,
				C916C6BD1959D0F1006659E8 /* Products */,
			);
			sourceTree = "<group>";
		};
		C916C6BD1959D0F1006659E8 /* Products */ = {
			isa = PBXGroup;
			children = (
				C916C6BC1959D0F1006659E8 /* A2:42.app */,
				C916C6E01959D0F1006659E8 /* A2:42Tests.xctest */,
			);
			name = Products;
			sourceTree = "<group>";
		};
		C916C6BE1959D0F1006659E8 /* Frameworks */ = {
			isa = PBXGroup;
			children = (
				C913607C19666D07009D8FC6 /* AudioToolbox.framework */,
				C916C6FB1959D9F3006659E8 /* CoreData.framework */,
				C916C6F91959D9E8006659E8 /* AVFoundation.framework */,
				C916C6F71959D9E0006659E8 /* Social.framework */,
				C916C6BF1959D0F1006659E8 /* Foundation.framework */,
				C916C6C11959D0F1006659E8 /* CoreGraphics.framework */,
				C916C6C31959D0F1006659E8 /* UIKit.framework */,
				C916C6E11959D0F1006659E8 /* XCTest.framework */,
			);
			name = Frameworks;
			sourceTree = "<group>";
		};
		C916C6C51959D0F1006659E8 /* A2:42 */ = {
			isa = PBXGroup;
			children = (
				C916C6FD1959FB3F006659E8 /* Images */,
				C916C6CE1959D0F1006659E8 /* AppDelegate.h */,
				C916C6CF1959D0F1006659E8 /* AppDelegate.m */,
				C913607E1966FED6009D8FC6 /* DownloadViewController.h */,
				C913607F1966FED6009D8FC6 /* DownloadViewController.m */,
				C9B25764196C806E000A0E9E /* DateViewController.h */,
				C9B25765196C806E000A0E9E /* DateViewController.m */,
				C916C71B195F29BA006659E8 /* MEStringSearcher.m */,
				C916C71C195F29BA006659E8 /* MEStringSearcher.h */,
				C916C6D11959D0F1006659E8 /* Main.storyboard */,
				C916C6D41959D0F1006659E8 /* SermonViewController.h */,
				C916C6D51959D0F1006659E8 /* SermonViewController.m */,
				C916C6D71959D0F1006659E8 /* SecondViewController.h */,
				C916C6D81959D0F1006659E8 /* SecondViewController.m */,
				C916C714195A8D55006659E8 /* IBCViewController.h */,
				C916C715195A8D55006659E8 /* IBCViewController.m */,
				C92FDB021961FC26004CED0D /* AudioViewController.h */,
				C92FDB031961FC26004CED0D /* AudioViewController.m */,
				C913608419690200009D8FC6 /* AudDownloadViewController.h */,
				C913608519690200009D8FC6 /* AudDownloadViewController.m */,
				C9CD46E01977C01F009D0351 /* DesiringGodViewController.h */,
				C9CD46E11977C01F009D0351 /* DesiringGodViewController.m */,
				C916C6DA1959D0F1006659E8 /* Images.xcassets */,
				C916C6C61959D0F1006659E8 /* Supporting Files */,
			);
			path = "A2:42";
			sourceTree = "<group>";
		};
		C916C6C61959D0F1006659E8 /* Supporting Files */ = {
			isa = PBXGroup;
			children = (
				C916C6C71959D0F1006659E8 /* A2:42-Info.plist */,
				C916C6C81959D0F1006659E8 /* InfoPlist.strings */,
				C916C6CB1959D0F1006659E8 /* main.m */,
				C916C6CD1959D0F1006659E8 /* A2:42-Prefix.pch */,
			);
			name = "Supporting Files";
			sourceTree = "<group>";
		};
		C916C6E71959D0F1006659E8 /* A2:42Tests */ = {
			isa = PBXGroup;
			children = (
				C916C6ED1959D0F1006659E8 /* A2_42Tests.m */,
				C916C6E81959D0F1006659E8 /* Supporting Files */,
			);
			path = "A2:42Tests";
			sourceTree = "<group>";
		};
		C916C6E81959D0F1006659E8 /* Supporting Files */ = {
			isa = PBXGroup;
			children = (
				C916C6E91959D0F1006659E8 /* A2:42Tests-Info.plist */,
				C916C6EA1959D0F1006659E8 /* InfoPlist.strings */,
			);
			name = "Supporting Files";
			sourceTree = "<group>";
		};
		C916C6FD1959FB3F006659E8 /* Images */ = {
			isa = PBXGroup;
			children = (
				C913608919690F6D009D8FC6 /* box-down-7.png */,
				C92FDB1F19646145004CED0D /* play-disabled-1.png */,
				C92FDB1D19645D48004CED0D /* pause-disabled.png */,
				C92FDB191963581D004CED0D /* slider.png */,
				C92FDB1319627D7D004CED0D /* apostlesTeaching2.png */,
				C92FDB1119627BB9004CED0D /* esvBible.png */,
				C92FDB091962792E004CED0D /* apostlesTeaching.png */,
				C92FDB051962775C004CED0D /* esvBible.jpg */,
				C913608B19690FBD009D8FC6 /* man-7.png */,
				C92FDB001960C469004CED0D /* ibc2.png */,
				C9ABBA40197640F400BDC863 /* ibc3.png */,
				C92FDAFE196082D4004CED0D /* ibc.png */,
				C916C724195F449F006659E8 /* immanuel.png */,
				C916C712195A204F006659E8 /* washer.jpg */,
				C9B28D921969DB2100BF4079 /* twitter.png */,
				C916C710195A0F26006659E8 /* conway.jpg */,
				C916C70C195A0C6B006659E8 /* crump.jpg */,
				C916C70A195A0C66006659E8 /* johnO.jpg */,
				C916C700195A0498006659E8 /* voddiebaucham.jpg */,
				C916C701195A0498006659E8 /* kennypetty.jpg */,
				C916C702195A0498006659E8 /* voddie.jpg */,
				C913608719690E0E009D8FC6 /* download.png */,
				C916C703195A0498006659E8 /* johnpiper.jpg */,
				C916C704195A0498006659E8 /* ryanfullerton.jpg */,
				C916C6FE1959FB4E006659E8 /* Backgrounds_125.png */,
				C9ABBA3E19763E9C00BDC863 /* theGateLogo.png */,
				C9ABBA441976461100BDC863 /* graceCommunity.png */,
				C950BA5D1976FDB8000E6865 /* blueprint.png */,
				C9CD46E31978606D009D0351 /* desiringGod.png */,
			);
			name = Images;
			sourceTree = "<group>";
		};
/* End PBXGroup section */

/* Begin PBXNativeTarget section */
		C916C6BB1959D0F1006659E8 /* A2:42 */ = {
			isa = PBXNativeTarget;
			buildConfigurationList = C916C6F11959D0F1006659E8 /* Build configuration list for PBXNativeTarget "A2:42" */;
			buildPhases = (
				C916C6B81959D0F1006659E8 /* Sources */,
				C916C6B91959D0F1006659E8 /* Frameworks */,
				C916C6BA1959D0F1006659E8 /* Resources */,
			);
			buildRules = (
			);
			dependencies = (
			);
			name = "A2:42";
			productName = "A2:42";
			productReference = C916C6BC1959D0F1006659E8 /* A2:42.app */;
			productType = "com.apple.product-type.application";
		};
		C916C6DF1959D0F1006659E8 /* A2:42Tests */ = {
			isa = PBXNativeTarget;
			buildConfigurationList = C916C6F41959D0F1006659E8 /* Build configuration list for PBXNativeTarget "A2:42Tests" */;
			buildPhases = (
				C916C6DC1959D0F1006659E8 /* Sources */,
				C916C6DD1959D0F1006659E8 /* Frameworks */,
				C916C6DE1959D0F1006659E8 /* Resources */,
			);
			buildRules = (
			);
			dependencies = (
				C916C6E61959D0F1006659E8 /* PBXTargetDependency */,
			);
			name = "A2:42Tests";
			productName = "A2:42Tests";
			productReference = C916C6E01959D0F1006659E8 /* A2:42Tests.xctest */;
			productType = "com.apple.product-type.bundle.unit-test";
		};
/* End PBXNativeTarget section */

/* Begin PBXProject section */
		C916C6B41959D0F1006659E8 /* Project object */ = {
			isa = PBXProject;
			attributes = {
				LastUpgradeCheck = 0510;
				ORGANIZATIONNAME = "Andy Uyeda";
				TargetAttributes = {
					C916C6DF1959D0F1006659E8 = {
						TestTargetID = C916C6BB1959D0F1006659E8;
					};
				};
			};
			buildConfigurationList = C916C6B71959D0F1006659E8 /* Build configuration list for PBXProject "A2:42" */;
			compatibilityVersion = "Xcode 3.2";
			developmentRegion = English;
			hasScannedForEncodings = 0;
			knownRegions = (
				en,
				Base,
			);
			mainGroup = C916C6B31959D0F1006659E8;
			productRefGroup = C916C6BD1959D0F1006659E8 /* Products */;
			projectDirPath = "";
			projectRoot = "";
			targets = (
				C916C6BB1959D0F1006659E8 /* A2:42 */,
				C916C6DF1959D0F1006659E8 /* A2:42Tests */,
			);
		};
/* End PBXProject section */

/* Begin PBXResourcesBuildPhase section */
		C916C6BA1959D0F1006659E8 /* Resources */ = {
			isa = PBXResourcesBuildPhase;
			buildActionMask = 2147483647;
			files = (
				C913608C19690FBD009D8FC6 /* man-7.png in Resources */,
				C916C713195A204F006659E8 /* washer.jpg in Resources */,
				C92FDB2019646145004CED0D /* play-disabled-1.png in Resources */,
				C92FDB1219627BB9004CED0D /* esvBible.png in Resources */,
				C916C70B195A0C66006659E8 /* johnO.jpg in Resources */,
				C916C706195A0498006659E8 /* kennypetty.jpg in Resources */,
				C92FDB1A1963581D004CED0D /* slider.png in Resources */,
				C92FDB0A1962792E004CED0D /* apostlesTeaching.png in Resources */,
				C9ABBA451976461100BDC863 /* graceCommunity.png in Resources */,
				C916C711195A0F26006659E8 /* conway.jpg in Resources */,
				C913608819690E0E009D8FC6 /* download.png in Resources */,
				C913608A19690F6D009D8FC6 /* box-down-7.png in Resources */,
				C916C705195A0498006659E8 /* voddiebaucham.jpg in Resources */,
				C92FDB061962775C004CED0D /* esvBible.jpg in Resources */,
				C916C70D195A0C6B006659E8 /* crump.jpg in Resources */,
				C92FDAFF196082D4004CED0D /* ibc.png in Resources */,
				C916C6FF1959FB4E006659E8 /* Backgrounds_125.png in Resources */,
				C9CD46E41978606D009D0351 /* desiringGod.png in Resources */,
				C950BA5E1976FDB8000E6865 /* blueprint.png in Resources */,
				C916C708195A0498006659E8 /* johnpiper.jpg in Resources */,
				C9ABBA3F19763E9C00BDC863 /* theGateLogo.png in Resources */,
				C92FDB1419627D7D004CED0D /* apostlesTeaching2.png in Resources */,
				C916C6DB1959D0F1006659E8 /* Images.xcassets in Resources */,
				C9B28D931969DB2100BF4079 /* twitter.png in Resources */,
				C916C6CA1959D0F1006659E8 /* InfoPlist.strings in Resources */,
				C9ABBA41197640F400BDC863 /* ibc3.png in Resources */,
				C92FDB011960C469004CED0D /* ibc2.png in Resources */,
				C916C6D31959D0F1006659E8 /* Main.storyboard in Resources */,
				C916C707195A0498006659E8 /* voddie.jpg in Resources */,
				C916C709195A0498006659E8 /* ryanfullerton.jpg in Resources */,
				C916C725195F449F006659E8 /* immanuel.png in Resources */,
				C92FDB1E19645D48004CED0D /* pause-disabled.png in Resources */,
			);
			runOnlyForDeploymentPostprocessing = 0;
		};
		C916C6DE1959D0F1006659E8 /* Resources */ = {
			isa = PBXResourcesBuildPhase;
			buildActionMask = 2147483647;
			files = (
				C916C6EC1959D0F1006659E8 /* InfoPlist.strings in Resources */,
			);
			runOnlyForDeploymentPostprocessing = 0;
		};
/* End PBXResourcesBuildPhase section */

/* Begin PBXSourcesBuildPhase section */
		C916C6B81959D0F1006659E8 /* Sources */ = {
			isa = PBXSourcesBuildPhase;
			buildActionMask = 2147483647;
			files = (
				C916C716195A8D55006659E8 /* IBCViewController.m in Sources */,
				C916C6D91959D0F1006659E8 /* SecondViewController.m in Sources */,
				C9B25766196C806E000A0E9E /* DateViewController.m in Sources */,
				C91360801966FED6009D8FC6 /* DownloadViewController.m in Sources */,
				C913608619690200009D8FC6 /* AudDownloadViewController.m in Sources */,
				C916C6D01959D0F1006659E8 /* AppDelegate.m in Sources */,
				C916C6D61959D0F1006659E8 /* SermonViewController.m in Sources */,
				C916C6CC1959D0F1006659E8 /* main.m in Sources */,
				C9CD46E21977C01F009D0351 /* DesiringGodViewController.m in Sources */,
				C92FDB041961FC26004CED0D /* AudioViewController.m in Sources */,
				C916C71D195F29BA006659E8 /* MEStringSearcher.m in Sources */,
			);
			runOnlyForDeploymentPostprocessing = 0;
		};
		C916C6DC1959D0F1006659E8 /* Sources */ = {
			isa = PBXSourcesBuildPhase;
			buildActionMask = 2147483647;
			files = (
				C916C6EE1959D0F1006659E8 /* A2_42Tests.m in Sources */,
			);
			runOnlyForDeploymentPostprocessing = 0;
		};
/* End PBXSourcesBuildPhase section */

/* Begin PBXTargetDependency section */
		C916C6E61959D0F1006659E8 /* PBXTargetDependency */ = {
			isa = PBXTargetDependency;
			target = C916C6BB1959D0F1006659E8 /* A2:42 */;
			targetProxy = C916C6E51959D0F1006659E8 /* PBXContainerItemProxy */;
		};
/* End PBXTargetDependency section */

/* Begin PBXVariantGroup section */
		C916C6C81959D0F1006659E8 /* InfoPlist.strings */ = {
			isa = PBXVariantGroup;
			children = (
				C916C6C91959D0F1006659E8 /* en */,
			);
			name = InfoPlist.strings;
			sourceTree = "<group>";
		};
		C916C6D11959D0F1006659E8 /* Main.storyboard */ = {
			isa = PBXVariantGroup;
			children = (
				C916C6D21959D0F1006659E8 /* Base */,
			);
			name = Main.storyboard;
			sourceTree = "<group>";
		};
		C916C6EA1959D0F1006659E8 /* InfoPlist.strings */ = {
			isa = PBXVariantGroup;
			children = (
				C916C6EB1959D0F1006659E8 /* en */,
			);
			name = InfoPlist.strings;
			sourceTree = "<group>";
		};
/* End PBXVariantGroup section */

/* Begin XCBuildConfiguration section */
		C916C6EF1959D0F1006659E8 /* Debug */ = {
			isa = XCBuildConfiguration;
			buildSettings = {
				ALWAYS_SEARCH_USER_PATHS = NO;
				CLANG_CXX_LANGUAGE_STANDARD = "gnu++0x";
				CLANG_CXX_LIBRARY = "libc++";
				CLANG_ENABLE_MODULES = YES;
				CLANG_ENABLE_OBJC_ARC = YES;
				CLANG_WARN_BOOL_CONVERSION = YES;
				CLANG_WARN_CONSTANT_CONVERSION = YES;
				CLANG_WARN_DIRECT_OBJC_ISA_USAGE = YES_ERROR;
				CLANG_WARN_EMPTY_BODY = YES;
				CLANG_WARN_ENUM_CONVERSION = YES;
				CLANG_WARN_INT_CONVERSION = YES;
				CLANG_WARN_OBJC_ROOT_CLASS = YES_ERROR;
				CLANG_WARN__DUPLICATE_METHOD_MATCH = YES;
				"CODE_SIGN_IDENTITY[sdk=iphoneos*]" = "iPhone Developer";
				COPY_PHASE_STRIP = NO;
				GCC_C_LANGUAGE_STANDARD = gnu99;
				GCC_DYNAMIC_NO_PIC = NO;
				GCC_OPTIMIZATION_LEVEL = 0;
				GCC_PREPROCESSOR_DEFINITIONS = (
					"DEBUG=1",
					"$(inherited)",
				);
				GCC_SYMBOLS_PRIVATE_EXTERN = NO;
				GCC_WARN_64_TO_32_BIT_CONVERSION = YES;
				GCC_WARN_ABOUT_RETURN_TYPE = YES_ERROR;
				GCC_WARN_UNDECLARED_SELECTOR = YES;
				GCC_WARN_UNINITIALIZED_AUTOS = YES_AGGRESSIVE;
				GCC_WARN_UNUSED_FUNCTION = YES;
				GCC_WARN_UNUSED_VARIABLE = YES;
				IPHONEOS_DEPLOYMENT_TARGET = 7.1;
				ONLY_ACTIVE_ARCH = YES;
				SDKROOT = iphoneos;
			};
			name = Debug;
		};
		C916C6F01959D0F1006659E8 /* Release */ = {
			isa = XCBuildConfiguration;
			buildSettings = {
				ALWAYS_SEARCH_USER_PATHS = NO;
				CLANG_CXX_LANGUAGE_STANDARD = "gnu++0x";
				CLANG_CXX_LIBRARY = "libc++";
				CLANG_ENABLE_MODULES = YES;
				CLANG_ENABLE_OBJC_ARC = YES;
				CLANG_WARN_BOOL_CONVERSION = YES;
				CLANG_WARN_CONSTANT_CONVERSION = YES;
				CLANG_WARN_DIRECT_OBJC_ISA_USAGE = YES_ERROR;
				CLANG_WARN_EMPTY_BODY = YES;
				CLANG_WARN_ENUM_CONVERSION = YES;
				CLANG_WARN_INT_CONVERSION = YES;
				CLANG_WARN_OBJC_ROOT_CLASS = YES_ERROR;
				CLANG_WARN__DUPLICATE_METHOD_MATCH = YES;
				"CODE_SIGN_IDENTITY[sdk=iphoneos*]" = "iPhone Developer";
				COPY_PHASE_STRIP = YES;
				ENABLE_NS_ASSERTIONS = NO;
				GCC_C_LANGUAGE_STANDARD = gnu99;
				GCC_WARN_64_TO_32_BIT_CONVERSION = YES;
				GCC_WARN_ABOUT_RETURN_TYPE = YES_ERROR;
				GCC_WARN_UNDECLARED_SELECTOR = YES;
				GCC_WARN_UNINITIALIZED_AUTOS = YES_AGGRESSIVE;
				GCC_WARN_UNUSED_FUNCTION = YES;
				GCC_WARN_UNUSED_VARIABLE = YES;
				IPHONEOS_DEPLOYMENT_TARGET = 7.1;
				SDKROOT = iphoneos;
				VALIDATE_PRODUCT = YES;
			};
			name = Release;
		};
		C916C6F21959D0F1006659E8 /* Debug */ = {
			isa = XCBuildConfiguration;
			buildSettings = {
				ASSETCATALOG_COMPILER_APPICON_NAME = AppIcon;
				ASSETCATALOG_COMPILER_LAUNCHIMAGE_NAME = LaunchImage;
				GCC_PRECOMPILE_PREFIX_HEADER = YES;
				GCC_PREFIX_HEADER = "A2:42/A2:42-Prefix.pch";
				INFOPLIST_FILE = "A2:42/A2:42-Info.plist";
				PRODUCT_NAME = "$(TARGET_NAME)";
				WRAPPER_EXTENSION = app;
			};
			name = Debug;
		};
		C916C6F31959D0F1006659E8 /* Release */ = {
			isa = XCBuildConfiguration;
			buildSettings = {
				ASSETCATALOG_COMPILER_APPICON_NAME = AppIcon;
				ASSETCATALOG_COMPILER_LAUNCHIMAGE_NAME = LaunchImage;
				GCC_PRECOMPILE_PREFIX_HEADER = YES;
				GCC_PREFIX_HEADER = "A2:42/A2:42-Prefix.pch";
				INFOPLIST_FILE = "A2:42/A2:42-Info.plist";
				PRODUCT_NAME = "$(TARGET_NAME)";
				WRAPPER_EXTENSION = app;
			};
			name = Release;
		};
		C916C6F51959D0F1006659E8 /* Debug */ = {
			isa = XCBuildConfiguration;
			buildSettings = {
				BUNDLE_LOADER = "$(BUILT_PRODUCTS_DIR)/A2:42.app/A2:42";
				FRAMEWORK_SEARCH_PATHS = (
					"$(SDKROOT)/Developer/Library/Frameworks",
					"$(inherited)",
					"$(DEVELOPER_FRAMEWORKS_DIR)",
				);
				GCC_PRECOMPILE_PREFIX_HEADER = YES;
				GCC_PREFIX_HEADER = "A2:42/A2:42-Prefix.pch";
				GCC_PREPROCESSOR_DEFINITIONS = (
					"DEBUG=1",
					"$(inherited)",
				);
				INFOPLIST_FILE = "A2:42Tests/A2:42Tests-Info.plist";
				PRODUCT_NAME = "$(TARGET_NAME)";
				TEST_HOST = "$(BUNDLE_LOADER)";
				WRAPPER_EXTENSION = xctest;
			};
			name = Debug;
		};
		C916C6F61959D0F1006659E8 /* Release */ = {
			isa = XCBuildConfiguration;
			buildSettings = {
				BUNDLE_LOADER = "$(BUILT_PRODUCTS_DIR)/A2:42.app/A2:42";
				FRAMEWORK_SEARCH_PATHS = (
					"$(SDKROOT)/Developer/Library/Frameworks",
					"$(inherited)",
					"$(DEVELOPER_FRAMEWORKS_DIR)",
				);
				GCC_PRECOMPILE_PREFIX_HEADER = YES;
				GCC_PREFIX_HEADER = "A2:42/A2:42-Prefix.pch";
				INFOPLIST_FILE = "A2:42Tests/A2:42Tests-Info.plist";
				PRODUCT_NAME = "$(TARGET_NAME)";
				TEST_HOST = "$(BUNDLE_LOADER)";
				WRAPPER_EXTENSION = xctest;
			};
			name = Release;
		};
/* End XCBuildConfiguration section */

/* Begin XCConfigurationList section */
		C916C6B71959D0F1006659E8 /* Build configuration list for PBXProject "A2:42" */ = {
			isa = XCConfigurationList;
			buildConfigurations = (
				C916C6EF1959D0F1006659E8 /* Debug */,
				C916C6F01959D0F1006659E8 /* Release */,
			);
			defaultConfigurationIsVisible = 0;
			defaultConfigurationName = Release;
		};
		C916C6F11959D0F1006659E8 /* Build configuration list for PBXNativeTarget "A2:42" */ = {
			isa = XCConfigurationList;
			buildConfigurations = (
				C916C6F21959D0F1006659E8 /* Debug */,
				C916C6F31959D0F1006659E8 /* Release */,
			);
			defaultConfigurationIsVisible = 0;
			defaultConfigurationName = Release;
		};
		C916C6F41959D0F1006659E8 /* Build configuration list for PBXNativeTarget "A2:42Tests" */ = {
			isa = XCConfigurationList;
			buildConfigurations = (
				C916C6F51959D0F1006659E8 /* Debug */,
				C916C6F61959D0F1006659E8 /* Release */,
			);
			defaultConfigurationIsVisible = 0;
			defaultConfigurationName = Release;
		};
/* End XCConfigurationList section */
	};
	rootObject = C916C6B41959D0F1006659E8 /* Project object */;
}
